{
  "name": "electron-react-boilerplate",
  "version": "0.13.3",
  "lockfileVersion": 1,
  "requires": true,
  "dependencies": {
    "classnames": {
      "version": "2.2.5",
      "resolved": "https://registry.npmjs.org/classnames/-/classnames-2.2.5.tgz",
      "integrity": "sha1-+zgB1FNGdknvNgPH1hoCvRKb3m0=",
      "dev": true
    },
    "moment": {
      "version": "2.22.2",
      "resolved": "https://registry.npmjs.org/moment/-/moment-2.22.2.tgz",
      "integrity": "sha1-PCV/mDn8DpP/UxSWMiOeuQeD/2Y="
    },
    "react-bootstrap-table-next": {
      "version": "0.1.15",
      "resolved": "https://registry.npmjs.org/react-bootstrap-table-next/-/react-bootstrap-table-next-0.1.15.tgz",
      "integrity": "sha1-ztazNxfQFkDRg7/tyz0SO2qahRw=",
      "dev": true,
      "requires": {
        "classnames": "2.2.5"
      }
    }
  }
}
